
Microsoft Visual Studio Solution File, Format Version 12.00
# Visual Studio Version 16
VisualStudioVersion = 16.0.29123.88
MinimumVisualStudioVersion = 10.0.40219.1
Project("{FAE04EC0-301F-11D3-BF4B-00C04F79EFBC}") = "SiteFat", "SiteFat\SiteFat.csproj", "{75AB44EE-38AC-4220-8266-D3D8F1784A07}"
EndProject
Project("{FAE04EC0-301F-11D3-BF4B-00C04F79EFBC}") = "Utilidades", "Dll_Utilidades\Utilidades.csproj", "{AEA76A19-DDF3-4EE6-91DD-82228FDEED25}"
EndProject
Project("{FAE04EC0-301F-11D3-BF4B-00C04F79EFBC}") = "DbFat", "Dll_DB_Fat\DbFat.csproj", "{ADCBFE08-4399-4869-A4F6-C98881AF0795}"
EndProject
Project("{FAE04EC0-301F-11D3-BF4B-00C04F79EFBC}") = "BsFat", "Dll_BS_Fat\BsFat.csproj", "{12956BBE-710D-4CC3-92EB-5C9E6F28BB4B}"
EndProject
Project("{FAE04EC0-301F-11D3-BF4B-00C04F79EFBC}") = "Desktop_Fat", "Desktop_Fat\Desktop_Fat.csproj", "{2DC7F6AE-1F26-40CD-B07A-99FA08FDCD22}"
EndProject
Project("{FAE04EC0-301F-11D3-BF4B-00C04F79EFBC}") = "Db_Kernel", "Dll_Db_Kernel\Db_Kernel.csproj", "{325F7D2C-4CD6-482A-A2D9-CA92BD4DF1FA}"
EndProject
Project("{FAE04EC0-301F-11D3-BF4B-00C04F79EFBC}") = "Dll_Forms_Fat", "Forms_Fat\Dll_Forms_Fat.csproj", "{4F254BB6-9A02-4301-ABB4-C694C4FA36D5}"
EndProject
Project("{2150E333-8FDC-42A3-9474-1A3956D46DE8}") = "Models", "Models", "{BF30C974-CACB-4FCF-BC6C-23B7B27816BF}"
EndProject
Global
	GlobalSection(SolutionConfigurationPlatforms) = preSolution
		Debug|Any CPU = Debug|Any CPU
		Debug|ARM = Debug|ARM
		Debug|iPhone = Debug|iPhone
		Debug|iPhoneSimulator = Debug|iPhoneSimulator
		Debug|x64 = Debug|x64
		Debug|x86 = Debug|x86
		Release|Any CPU = Release|Any CPU
		Release|ARM = Release|ARM
		Release|iPhone = Release|iPhone
		Release|iPhoneSimulator = Release|iPhoneSimulator
		Release|x64 = Release|x64
		Release|x86 = Release|x86
	EndGlobalSection
	GlobalSection(ProjectConfigurationPlatforms) = postSolution
		{75AB44EE-38AC-4220-8266-D3D8F1784A07}.Debug|Any CPU.ActiveCfg = Debug|Any CPU
		{75AB44EE-38AC-4220-8266-D3D8F1784A07}.Debug|Any CPU.Build.0 = Debug|Any CPU
		{75AB44EE-38AC-4220-8266-D3D8F1784A07}.Debug|ARM.ActiveCfg = Debug|Any CPU
		{75AB44EE-38AC-4220-8266-D3D8F1784A07}.Debug|ARM.Build.0 = Debug|Any CPU
		{75AB44EE-38AC-4220-8266-D3D8F1784A07}.Debug|iPhone.ActiveCfg = Debug|Any CPU
		{75AB44EE-38AC-4220-8266-D3D8F1784A07}.Debug|iPhone.Build.0 = Debug|Any CPU
		{75AB44EE-38AC-4220-8266-D3D8F1784A07}.Debug|iPhoneSimulator.ActiveCfg = Debug|Any CPU
		{75AB44EE-38AC-4220-8266-D3D8F1784A07}.Debug|iPhoneSimulator.Build.0 = Debug|Any CPU
		{75AB44EE-38AC-4220-8266-D3D8F1784A07}.Debug|x64.ActiveCfg = Debug|Any CPU
		{75AB44EE-38AC-4220-8266-D3D8F1784A07}.Debug|x64.Build.0 = Debug|Any CPU
		{75AB44EE-38AC-4220-8266-D3D8F1784A07}.Debug|x86.ActiveCfg = Debug|Any CPU
		{75AB44EE-38AC-4220-8266-D3D8F1784A07}.Debug|x86.Build.0 = Debug|Any CPU
		{75AB44EE-38AC-4220-8266-D3D8F1784A07}.Release|Any CPU.ActiveCfg = Release|Any CPU
		{75AB44EE-38AC-4220-8266-D3D8F1784A07}.Release|Any CPU.Build.0 = Release|Any CPU
		{75AB44EE-38AC-4220-8266-D3D8F1784A07}.Release|ARM.ActiveCfg = Release|Any CPU
		{75AB44EE-38AC-4220-8266-D3D8F1784A07}.Release|ARM.Build.0 = Release|Any CPU
		{75AB44EE-38AC-4220-8266-D3D8F1784A07}.Release|iPhone.ActiveCfg = Release|Any CPU
		{75AB44EE-38AC-4220-8266-D3D8F1784A07}.Release|iPhone.Build.0 = Release|Any CPU
		{75AB44EE-38AC-4220-8266-D3D8F1784A07}.Release|iPhoneSimulator.ActiveCfg = Release|Any CPU
		{75AB44EE-38AC-4220-8266-D3D8F1784A07}.Release|iPhoneSimulator.Build.0 = Release|Any CPU
		{75AB44EE-38AC-4220-8266-D3D8F1784A07}.Release|x64.ActiveCfg = Release|Any CPU
		{75AB44EE-38AC-4220-8266-D3D8F1784A07}.Release|x64.Build.0 = Release|Any CPU
		{75AB44EE-38AC-4220-8266-D3D8F1784A07}.Release|x86.ActiveCfg = Release|Any CPU
		{75AB44EE-38AC-4220-8266-D3D8F1784A07}.Release|x86.Build.0 = Release|Any CPU
		{AEA76A19-DDF3-4EE6-91DD-82228FDEED25}.Debug|Any CPU.ActiveCfg = Debug|Any CPU
		{AEA76A19-DDF3-4EE6-91DD-82228FDEED25}.Debug|Any CPU.Build.0 = Debug|Any CPU
		{AEA76A19-DDF3-4EE6-91DD-82228FDEED25}.Debug|ARM.ActiveCfg = Debug|Any CPU
		{AEA76A19-DDF3-4EE6-91DD-82228FDEED25}.Debug|ARM.Build.0 = Debug|Any CPU
		{AEA76A19-DDF3-4EE6-91DD-82228FDEED25}.Debug|iPhone.ActiveCfg = Debug|Any CPU
		{AEA76A19-DDF3-4EE6-91DD-82228FDEED25}.Debug|iPhone.Build.0 = Debug|Any CPU
		{AEA76A19-DDF3-4EE6-91DD-82228FDEED25}.Debug|iPhoneSimulator.ActiveCfg = Debug|Any CPU
		{AEA76A19-DDF3-4EE6-91DD-82228FDEED25}.Debug|iPhoneSimulator.Build.0 = Debug|Any CPU
		{AEA76A19-DDF3-4EE6-91DD-82228FDEED25}.Debug|x64.ActiveCfg = Debug|Any CPU
		{AEA76A19-DDF3-4EE6-91DD-82228FDEED25}.Debug|x64.Build.0 = Debug|Any CPU
		{AEA76A19-DDF3-4EE6-91DD-82228FDEED25}.Debug|x86.ActiveCfg = Debug|Any CPU
		{AEA76A19-DDF3-4EE6-91DD-82228FDEED25}.Debug|x86.Build.0 = Debug|Any CPU
		{AEA76A19-DDF3-4EE6-91DD-82228FDEED25}.Release|Any CPU.ActiveCfg = Release|Any CPU
		{AEA76A19-DDF3-4EE6-91DD-82228FDEED25}.Release|Any CPU.Build.0 = Release|Any CPU
		{AEA76A19-DDF3-4EE6-91DD-82228FDEED25}.Release|ARM.ActiveCfg = Release|Any CPU
		{AEA76A19-DDF3-4EE6-91DD-82228FDEED25}.Release|ARM.Build.0 = Release|Any CPU
		{AEA76A19-DDF3-4EE6-91DD-82228FDEED25}.Release|iPhone.ActiveCfg = Release|Any CPU
		{AEA76A19-DDF3-4EE6-91DD-82228FDEED25}.Release|iPhone.Build.0 = Release|Any CPU
		{AEA76A19-DDF3-4EE6-91DD-82228FDEED25}.Release|iPhoneSimulator.ActiveCfg = Release|Any CPU
		{AEA76A19-DDF3-4EE6-91DD-82228FDEED25}.Release|iPhoneSimulator.Build.0 = Release|Any CPU
		{AEA76A19-DDF3-4EE6-91DD-82228FDEED25}.Release|x64.ActiveCfg = Release|Any CPU
		{AEA76A19-DDF3-4EE6-91DD-82228FDEED25}.Release|x64.Build.0 = Release|Any CPU
		{AEA76A19-DDF3-4EE6-91DD-82228FDEED25}.Release|x86.ActiveCfg = Release|Any CPU
		{AEA76A19-DDF3-4EE6-91DD-82228FDEED25}.Release|x86.Build.0 = Release|Any CPU
		{ADCBFE08-4399-4869-A4F6-C98881AF0795}.Debug|Any CPU.ActiveCfg = Debug|Any CPU
		{ADCBFE08-4399-4869-A4F6-C98881AF0795}.Debug|Any CPU.Build.0 = Debug|Any CPU
		{ADCBFE08-4399-4869-A4F6-C98881AF0795}.Debug|ARM.ActiveCfg = Debug|Any CPU
		{ADCBFE08-4399-4869-A4F6-C98881AF0795}.Debug|ARM.Build.0 = Debug|Any CPU
		{ADCBFE08-4399-4869-A4F6-C98881AF0795}.Debug|iPhone.ActiveCfg = Debug|Any CPU
		{ADCBFE08-4399-4869-A4F6-C98881AF0795}.Debug|iPhone.Build.0 = Debug|Any CPU
		{ADCBFE08-4399-4869-A4F6-C98881AF0795}.Debug|iPhoneSimulator.ActiveCfg = Debug|Any CPU
		{ADCBFE08-4399-4869-A4F6-C98881AF0795}.Debug|iPhoneSimulator.Build.0 = Debug|Any CPU
		{ADCBFE08-4399-4869-A4F6-C98881AF0795}.Debug|x64.ActiveCfg = Debug|Any CPU
		{ADCBFE08-4399-4869-A4F6-C98881AF0795}.Debug|x64.Build.0 = Debug|Any CPU
		{ADCBFE08-4399-4869-A4F6-C98881AF0795}.Debug|x86.ActiveCfg = Debug|Any CPU
		{ADCBFE08-4399-4869-A4F6-C98881AF0795}.Debug|x86.Build.0 = Debug|Any CPU
		{ADCBFE08-4399-4869-A4F6-C98881AF0795}.Release|Any CPU.ActiveCfg = Release|Any CPU
		{ADCBFE08-4399-4869-A4F6-C98881AF0795}.Release|Any CPU.Build.0 = Release|Any CPU
		{ADCBFE08-4399-4869-A4F6-C98881AF0795}.Release|ARM.ActiveCfg = Release|Any CPU
		{ADCBFE08-4399-4869-A4F6-C98881AF0795}.Release|ARM.Build.0 = Release|Any CPU
		{ADCBFE08-4399-4869-A4F6-C98881AF0795}.Release|iPhone.ActiveCfg = Release|Any CPU
		{ADCBFE08-4399-4869-A4F6-C98881AF0795}.Release|iPhone.Build.0 = Release|Any CPU
		{ADCBFE08-4399-4869-A4F6-C98881AF0795}.Release|iPhoneSimulator.ActiveCfg = Release|Any CPU
		{ADCBFE08-4399-4869-A4F6-C98881AF0795}.Release|iPhoneSimulator.Build.0 = Release|Any CPU
		{ADCBFE08-4399-4869-A4F6-C98881AF0795}.Release|x64.ActiveCfg = Release|Any CPU
		{ADCBFE08-4399-4869-A4F6-C98881AF0795}.Release|x64.Build.0 = Release|Any CPU
		{ADCBFE08-4399-4869-A4F6-C98881AF0795}.Release|x86.ActiveCfg = Release|Any CPU
		{ADCBFE08-4399-4869-A4F6-C98881AF0795}.Release|x86.Build.0 = Release|Any CPU
		{12956BBE-710D-4CC3-92EB-5C9E6F28BB4B}.Debug|Any CPU.ActiveCfg = Debug|Any CPU
		{12956BBE-710D-4CC3-92EB-5C9E6F28BB4B}.Debug|Any CPU.Build.0 = Debug|Any CPU
		{12956BBE-710D-4CC3-92EB-5C9E6F28BB4B}.Debug|ARM.ActiveCfg = Debug|Any CPU
		{12956BBE-710D-4CC3-92EB-5C9E6F28BB4B}.Debug|ARM.Build.0 = Debug|Any CPU
		{12956BBE-710D-4CC3-92EB-5C9E6F28BB4B}.Debug|iPhone.ActiveCfg = Debug|Any CPU
		{12956BBE-710D-4CC3-92EB-5C9E6F28BB4B}.Debug|iPhone.Build.0 = Debug|Any CPU
		{12956BBE-710D-4CC3-92EB-5C9E6F28BB4B}.Debug|iPhoneSimulator.ActiveCfg = Debug|Any CPU
		{12956BBE-710D-4CC3-92EB-5C9E6F28BB4B}.Debug|iPhoneSimulator.Build.0 = Debug|Any CPU
		{12956BBE-710D-4CC3-92EB-5C9E6F28BB4B}.Debug|x64.ActiveCfg = Debug|Any CPU
		{12956BBE-710D-4CC3-92EB-5C9E6F28BB4B}.Debug|x64.Build.0 = Debug|Any CPU
		{12956BBE-710D-4CC3-92EB-5C9E6F28BB4B}.Debug|x86.ActiveCfg = Debug|Any CPU
		{12956BBE-710D-4CC3-92EB-5C9E6F28BB4B}.Debug|x86.Build.0 = Debug|Any CPU
		{12956BBE-710D-4CC3-92EB-5C9E6F28BB4B}.Release|Any CPU.ActiveCfg = Release|Any CPU
		{12956BBE-710D-4CC3-92EB-5C9E6F28BB4B}.Release|Any CPU.Build.0 = Release|Any CPU
		{12956BBE-710D-4CC3-92EB-5C9E6F28BB4B}.Release|ARM.ActiveCfg = Release|Any CPU
		{12956BBE-710D-4CC3-92EB-5C9E6F28BB4B}.Release|ARM.Build.0 = Release|Any CPU
		{12956BBE-710D-4CC3-92EB-5C9E6F28BB4B}.Release|iPhone.ActiveCfg = Release|Any CPU
		{12956BBE-710D-4CC3-92EB-5C9E6F28BB4B}.Release|iPhone.Build.0 = Release|Any CPU
		{12956BBE-710D-4CC3-92EB-5C9E6F28BB4B}.Release|iPhoneSimulator.ActiveCfg = Release|Any CPU
		{12956BBE-710D-4CC3-92EB-5C9E6F28BB4B}.Release|iPhoneSimulator.Build.0 = Release|Any CPU
		{12956BBE-710D-4CC3-92EB-5C9E6F28BB4B}.Release|x64.ActiveCfg = Release|Any CPU
		{12956BBE-710D-4CC3-92EB-5C9E6F28BB4B}.Release|x64.Build.0 = Release|Any CPU
		{12956BBE-710D-4CC3-92EB-5C9E6F28BB4B}.Release|x86.ActiveCfg = Release|Any CPU
		{12956BBE-710D-4CC3-92EB-5C9E6F28BB4B}.Release|x86.Build.0 = Release|Any CPU
		{2DC7F6AE-1F26-40CD-B07A-99FA08FDCD22}.Debug|Any CPU.ActiveCfg = Debug|Any CPU
		{2DC7F6AE-1F26-40CD-B07A-99FA08FDCD22}.Debug|Any CPU.Build.0 = Debug|Any CPU
		{2DC7F6AE-1F26-40CD-B07A-99FA08FDCD22}.Debug|ARM.ActiveCfg = Debug|Any CPU
		{2DC7F6AE-1F26-40CD-B07A-99FA08FDCD22}.Debug|ARM.Build.0 = Debug|Any CPU
		{2DC7F6AE-1F26-40CD-B07A-99FA08FDCD22}.Debug|iPhone.ActiveCfg = Debug|Any CPU
		{2DC7F6AE-1F26-40CD-B07A-99FA08FDCD22}.Debug|iPhone.Build.0 = Debug|Any CPU
		{2DC7F6AE-1F26-40CD-B07A-99FA08FDCD22}.Debug|iPhoneSimulator.ActiveCfg = Debug|Any CPU
		{2DC7F6AE-1F26-40CD-B07A-99FA08FDCD22}.Debug|iPhoneSimulator.Build.0 = Debug|Any CPU
		{2DC7F6AE-1F26-40CD-B07A-99FA08FDCD22}.Debug|x64.ActiveCfg = Debug|Any CPU
		{2DC7F6AE-1F26-40CD-B07A-99FA08FDCD22}.Debug|x64.Build.0 = Debug|Any CPU
		{2DC7F6AE-1F26-40CD-B07A-99FA08FDCD22}.Debug|x86.ActiveCfg = Debug|Any CPU
		{2DC7F6AE-1F26-40CD-B07A-99FA08FDCD22}.Debug|x86.Build.0 = Debug|Any CPU
		{2DC7F6AE-1F26-40CD-B07A-99FA08FDCD22}.Release|Any CPU.ActiveCfg = Release|Any CPU
		{2DC7F6AE-1F26-40CD-B07A-99FA08FDCD22}.Release|Any CPU.Build.0 = Release|Any CPU
		{2DC7F6AE-1F26-40CD-B07A-99FA08FDCD22}.Release|ARM.ActiveCfg = Release|Any CPU
		{2DC7F6AE-1F26-40CD-B07A-99FA08FDCD22}.Release|ARM.Build.0 = Release|Any CPU
		{2DC7F6AE-1F26-40CD-B07A-99FA08FDCD22}.Release|iPhone.ActiveCfg = Release|Any CPU
		{2DC7F6AE-1F26-40CD-B07A-99FA08FDCD22}.Release|iPhone.Build.0 = Release|Any CPU
		{2DC7F6AE-1F26-40CD-B07A-99FA08FDCD22}.Release|iPhoneSimulator.ActiveCfg = Release|Any CPU
		{2DC7F6AE-1F26-40CD-B07A-99FA08FDCD22}.Release|iPhoneSimulator.Build.0 = Release|Any CPU
		{2DC7F6AE-1F26-40CD-B07A-99FA08FDCD22}.Release|x64.ActiveCfg = Release|Any CPU
		{2DC7F6AE-1F26-40CD-B07A-99FA08FDCD22}.Release|x64.Build.0 = Release|Any CPU
		{2DC7F6AE-1F26-40CD-B07A-99FA08FDCD22}.Release|x86.ActiveCfg = Release|Any CPU
		{2DC7F6AE-1F26-40CD-B07A-99FA08FDCD22}.Release|x86.Build.0 = Release|Any CPU
		{325F7D2C-4CD6-482A-A2D9-CA92BD4DF1FA}.Debug|Any CPU.ActiveCfg = Debug|Any CPU
		{325F7D2C-4CD6-482A-A2D9-CA92BD4DF1FA}.Debug|Any CPU.Build.0 = Debug|Any CPU
		{325F7D2C-4CD6-482A-A2D9-CA92BD4DF1FA}.Debug|ARM.ActiveCfg = Debug|Any CPU
		{325F7D2C-4CD6-482A-A2D9-CA92BD4DF1FA}.Debug|ARM.Build.0 = Debug|Any CPU
		{325F7D2C-4CD6-482A-A2D9-CA92BD4DF1FA}.Debug|iPhone.ActiveCfg = Debug|Any CPU
		{325F7D2C-4CD6-482A-A2D9-CA92BD4DF1FA}.Debug|iPhone.Build.0 = Debug|Any CPU
		{325F7D2C-4CD6-482A-A2D9-CA92BD4DF1FA}.Debug|iPhoneSimulator.ActiveCfg = Debug|Any CPU
		{325F7D2C-4CD6-482A-A2D9-CA92BD4DF1FA}.Debug|iPhoneSimulator.Build.0 = Debug|Any CPU
		{325F7D2C-4CD6-482A-A2D9-CA92BD4DF1FA}.Debug|x64.ActiveCfg = Debug|Any CPU
		{325F7D2C-4CD6-482A-A2D9-CA92BD4DF1FA}.Debug|x64.Build.0 = Debug|Any CPU
		{325F7D2C-4CD6-482A-A2D9-CA92BD4DF1FA}.Debug|x86.ActiveCfg = Debug|Any CPU
		{325F7D2C-4CD6-482A-A2D9-CA92BD4DF1FA}.Debug|x86.Build.0 = Debug|Any CPU
		{325F7D2C-4CD6-482A-A2D9-CA92BD4DF1FA}.Release|Any CPU.ActiveCfg = Release|Any CPU
		{325F7D2C-4CD6-482A-A2D9-CA92BD4DF1FA}.Release|Any CPU.Build.0 = Release|Any CPU
		{325F7D2C-4CD6-482A-A2D9-CA92BD4DF1FA}.Release|ARM.ActiveCfg = Release|Any CPU
		{325F7D2C-4CD6-482A-A2D9-CA92BD4DF1FA}.Release|ARM.Build.0 = Release|Any CPU
		{325F7D2C-4CD6-482A-A2D9-CA92BD4DF1FA}.Release|iPhone.ActiveCfg = Release|Any CPU
		{325F7D2C-4CD6-482A-A2D9-CA92BD4DF1FA}.Release|iPhone.Build.0 = Release|Any CPU
		{325F7D2C-4CD6-482A-A2D9-CA92BD4DF1FA}.Release|iPhoneSimulator.ActiveCfg = Release|Any CPU
		{325F7D2C-4CD6-482A-A2D9-CA92BD4DF1FA}.Release|iPhoneSimulator.Build.0 = Release|Any CPU
		{325F7D2C-4CD6-482A-A2D9-CA92BD4DF1FA}.Release|x64.ActiveCfg = Release|Any CPU
		{325F7D2C-4CD6-482A-A2D9-CA92BD4DF1FA}.Release|x64.Build.0 = Release|Any CPU
		{325F7D2C-4CD6-482A-A2D9-CA92BD4DF1FA}.Release|x86.ActiveCfg = Release|Any CPU
		{325F7D2C-4CD6-482A-A2D9-CA92BD4DF1FA}.Release|x86.Build.0 = Release|Any CPU
		{4F254BB6-9A02-4301-ABB4-C694C4FA36D5}.Debug|Any CPU.ActiveCfg = Debug|Any CPU
		{4F254BB6-9A02-4301-ABB4-C694C4FA36D5}.Debug|Any CPU.Build.0 = Debug|Any CPU
		{4F254BB6-9A02-4301-ABB4-C694C4FA36D5}.Debug|ARM.ActiveCfg = Debug|Any CPU
		{4F254BB6-9A02-4301-ABB4-C694C4FA36D5}.Debug|ARM.Build.0 = Debug|Any CPU
		{4F254BB6-9A02-4301-ABB4-C694C4FA36D5}.Debug|iPhone.ActiveCfg = Debug|Any CPU
		{4F254BB6-9A02-4301-ABB4-C694C4FA36D5}.Debug|iPhone.Build.0 = Debug|Any CPU
		{4F254BB6-9A02-4301-ABB4-C694C4FA36D5}.Debug|iPhoneSimulator.ActiveCfg = Debug|Any CPU
		{4F254BB6-9A02-4301-ABB4-C694C4FA36D5}.Debug|iPhoneSimulator.Build.0 = Debug|Any CPU
		{4F254BB6-9A02-4301-ABB4-C694C4FA36D5}.Debug|x64.ActiveCfg = Debug|Any CPU
		{4F254BB6-9A02-4301-ABB4-C694C4FA36D5}.Debug|x64.Build.0 = Debug|Any CPU
		{4F254BB6-9A02-4301-ABB4-C694C4FA36D5}.Debug|x86.ActiveCfg = Debug|Any CPU
		{4F254BB6-9A02-4301-ABB4-C694C4FA36D5}.Debug|x86.Build.0 = Debug|Any CPU
		{4F254BB6-9A02-4301-ABB4-C694C4FA36D5}.Release|Any CPU.ActiveCfg = Release|Any CPU
		{4F254BB6-9A02-4301-ABB4-C694C4FA36D5}.Release|Any CPU.Build.0 = Release|Any CPU
		{4F254BB6-9A02-4301-ABB4-C694C4FA36D5}.Release|ARM.ActiveCfg = Release|Any CPU
		{4F254BB6-9A02-4301-ABB4-C694C4FA36D5}.Release|ARM.Build.0 = Release|Any CPU
		{4F254BB6-9A02-4301-ABB4-C694C4FA36D5}.Release|iPhone.ActiveCfg = Release|Any CPU
		{4F254BB6-9A02-4301-ABB4-C694C4FA36D5}.Release|iPhone.Build.0 = Release|Any CPU
		{4F254BB6-9A02-4301-ABB4-C694C4FA36D5}.Release|iPhoneSimulator.ActiveCfg = Release|Any CPU
		{4F254BB6-9A02-4301-ABB4-C694C4FA36D5}.Release|iPhoneSimulator.Build.0 = Release|Any CPU
		{4F254BB6-9A02-4301-ABB4-C694C4FA36D5}.Release|x64.ActiveCfg = Release|Any CPU
		{4F254BB6-9A02-4301-ABB4-C694C4FA36D5}.Release|x64.Build.0 = Release|Any CPU
		{4F254BB6-9A02-4301-ABB4-C694C4FA36D5}.Release|x86.ActiveCfg = Release|Any CPU
		{4F254BB6-9A02-4301-ABB4-C694C4FA36D5}.Release|x86.Build.0 = Release|Any CPU
	EndGlobalSection
	GlobalSection(SolutionProperties) = preSolution
		HideSolutionNode = FALSE
	EndGlobalSection
	GlobalSection(NestedProjects) = preSolution
		{AEA76A19-DDF3-4EE6-91DD-82228FDEED25} = {BF30C974-CACB-4FCF-BC6C-23B7B27816BF}
		{ADCBFE08-4399-4869-A4F6-C98881AF0795} = {BF30C974-CACB-4FCF-BC6C-23B7B27816BF}
		{12956BBE-710D-4CC3-92EB-5C9E6F28BB4B} = {BF30C974-CACB-4FCF-BC6C-23B7B27816BF}
		{325F7D2C-4CD6-482A-A2D9-CA92BD4DF1FA} = {BF30C974-CACB-4FCF-BC6C-23B7B27816BF}
	EndGlobalSection
	GlobalSection(ExtensibilityGlobals) = postSolution
		SolutionGuid = {6A336DB4-F189-4D84-BB36-469F851E2C11}
	EndGlobalSection
EndGlobal
